
Microsoft Visual Studio Solution File, Format Version 12.00
# Visual Studio 14
VisualStudioVersion = 14.0.25123.0
MinimumVisualStudioVersion = 10.0.40219.1
Project("{FAE04EC0-301F-11D3-BF4B-00C04F79EFBC}") = "InfoWebApp", "InfoWebApp.csproj", "{1E1DF02E-5504-4F8D-AC0F-4B7BECFB0762}"
EndProject
Project("{FAE04EC0-301F-11D3-BF4B-00C04F79EFBC}") = "GetInfoWeb", "..\..\GetInfoWeb\GetInfoWeb.csproj", "{80AB0789-2345-4B99-9072-3D099137946E}"
EndProject
Project("{FAE04EC0-301F-11D3-BF4B-00C04F79EFBC}") = "GoogleCheck", "..\..\GoogleCheck\GoogleCheck\GoogleCheck.csproj", "{4679A979-5F76-4B3A-A6EF-079CD89EB875}"
EndProject
Project("{FAE04EC0-301F-11D3-BF4B-00C04F79EFBC}") = "TestSQLite", "..\TestSQLite\TestSQLite.csproj", "{24B7D3B6-5D69-44A1-96CD-2B736174CDD1}"
EndProject
Project("{FAE04EC0-301F-11D3-BF4B-00C04F79EFBC}") = "GetNewsTools", "..\GetNewsTools\GetNewsTools.csproj", "{8D1F389B-48C9-49C8-8BA5-A42911F1080D}"
EndProject
Global
	GlobalSection(SolutionConfigurationPlatforms) = preSolution
		Debug|Any CPU = Debug|Any CPU
		Debug|x64 = Debug|x64
		Release|Any CPU = Release|Any CPU
		Release|x64 = Release|x64
	EndGlobalSection
	GlobalSection(ProjectConfigurationPlatforms) = postSolution
		{1E1DF02E-5504-4F8D-AC0F-4B7BECFB0762}.Debug|Any CPU.ActiveCfg = Debug|Any CPU
		{1E1DF02E-5504-4F8D-AC0F-4B7BECFB0762}.Debug|Any CPU.Build.0 = Debug|Any CPU
		{1E1DF02E-5504-4F8D-AC0F-4B7BECFB0762}.Debug|x64.ActiveCfg = Debug|Any CPU
		{1E1DF02E-5504-4F8D-AC0F-4B7BECFB0762}.Debug|x64.Build.0 = Debug|Any CPU
		{1E1DF02E-5504-4F8D-AC0F-4B7BECFB0762}.Release|Any CPU.ActiveCfg = Release|Any CPU
		{1E1DF02E-5504-4F8D-AC0F-4B7BECFB0762}.Release|Any CPU.Build.0 = Release|Any CPU
		{1E1DF02E-5504-4F8D-AC0F-4B7BECFB0762}.Release|x64.ActiveCfg = Release|Any CPU
		{1E1DF02E-5504-4F8D-AC0F-4B7BECFB0762}.Release|x64.Build.0 = Release|Any CPU
		{80AB0789-2345-4B99-9072-3D099137946E}.Debug|Any CPU.ActiveCfg = Debug|Any CPU
		{80AB0789-2345-4B99-9072-3D099137946E}.Debug|Any CPU.Build.0 = Debug|Any CPU
		{80AB0789-2345-4B99-9072-3D099137946E}.Debug|x64.ActiveCfg = Debug|Any CPU
		{80AB0789-2345-4B99-9072-3D099137946E}.Debug|x64.Build.0 = Debug|Any CPU
		{80AB0789-2345-4B99-9072-3D099137946E}.Release|Any CPU.ActiveCfg = Release|Any CPU
		{80AB0789-2345-4B99-9072-3D099137946E}.Release|Any CPU.Build.0 = Release|Any CPU
		{80AB0789-2345-4B99-9072-3D099137946E}.Release|x64.ActiveCfg = Release|Any CPU
		{80AB0789-2345-4B99-9072-3D099137946E}.Release|x64.Build.0 = Release|Any CPU
		{4679A979-5F76-4B3A-A6EF-079CD89EB875}.Debug|Any CPU.ActiveCfg = Debug|Any CPU
		{4679A979-5F76-4B3A-A6EF-079CD89EB875}.Debug|Any CPU.Build.0 = Debug|Any CPU
		{4679A979-5F76-4B3A-A6EF-079CD89EB875}.Debug|x64.ActiveCfg = Debug|Any CPU
		{4679A979-5F76-4B3A-A6EF-079CD89EB875}.Debug|x64.Build.0 = Debug|Any CPU
		{4679A979-5F76-4B3A-A6EF-079CD89EB875}.Release|Any CPU.ActiveCfg = Release|Any CPU
		{4679A979-5F76-4B3A-A6EF-079CD89EB875}.Release|Any CPU.Build.0 = Release|Any CPU
		{4679A979-5F76-4B3A-A6EF-079CD89EB875}.Release|x64.ActiveCfg = Release|Any CPU
		{4679A979-5F76-4B3A-A6EF-079CD89EB875}.Release|x64.Build.0 = Release|Any CPU
		{24B7D3B6-5D69-44A1-96CD-2B736174CDD1}.Debug|Any CPU.ActiveCfg = Debug|Any CPU
		{24B7D3B6-5D69-44A1-96CD-2B736174CDD1}.Debug|Any CPU.Build.0 = Debug|Any CPU
		{24B7D3B6-5D69-44A1-96CD-2B736174CDD1}.Debug|x64.ActiveCfg = Debug|Any CPU
		{24B7D3B6-5D69-44A1-96CD-2B736174CDD1}.Debug|x64.Build.0 = Debug|Any CPU
		{24B7D3B6-5D69-44A1-96CD-2B736174CDD1}.Release|Any CPU.ActiveCfg = Release|Any CPU
		{24B7D3B6-5D69-44A1-96CD-2B736174CDD1}.Release|Any CPU.Build.0 = Release|Any CPU
		{24B7D3B6-5D69-44A1-96CD-2B736174CDD1}.Release|x64.ActiveCfg = Release|Any CPU
		{24B7D3B6-5D69-44A1-96CD-2B736174CDD1}.Release|x64.Build.0 = Release|Any CPU
		{8D1F389B-48C9-49C8-8BA5-A42911F1080D}.Debug|Any CPU.ActiveCfg = Debug|Any CPU
		{8D1F389B-48C9-49C8-8BA5-A42911F1080D}.Debug|Any CPU.Build.0 = Debug|Any CPU
		{8D1F389B-48C9-49C8-8BA5-A42911F1080D}.Debug|x64.ActiveCfg = Debug|x64
		{8D1F389B-48C9-49C8-8BA5-A42911F1080D}.Debug|x64.Build.0 = Debug|x64
		{8D1F389B-48C9-49C8-8BA5-A42911F1080D}.Debug|x64.Deploy.0 = Debug|x64
		{8D1F389B-48C9-49C8-8BA5-A42911F1080D}.Release|Any CPU.ActiveCfg = Release|Any CPU
		{8D1F389B-48C9-49C8-8BA5-A42911F1080D}.Release|Any CPU.Build.0 = Release|Any CPU
		{8D1F389B-48C9-49C8-8BA5-A42911F1080D}.Release|x64.ActiveCfg = Release|x64
		{8D1F389B-48C9-49C8-8BA5-A42911F1080D}.Release|x64.Build.0 = Release|x64
	EndGlobalSection
	GlobalSection(SolutionProperties) = preSolution
		HideSolutionNode = FALSE
	EndGlobalSection
EndGlobal
